
Microsoft Visual Studio Solution File, Format Version 12.00
# Visual Studio Version 17
VisualStudioVersion = 17.4.33213.308
MinimumVisualStudioVersion = 10.0.40219.1
Project("{FAE04EC0-301F-11D3-BF4B-00C04F79EFBC}") = "teht 4", "teht 4.csproj", "{455A6646-61F9-4660-8828-E7DA1850AE79}"
EndProject
Global
	GlobalSection(SolutionConfigurationPlatforms) = preSolution
		Debug|Any CPU = Debug|Any CPU
		Release|Any CPU = Release|Any CPU
	EndGlobalSection
	GlobalSection(ProjectConfigurationPlatforms) = postSolution
		{455A6646-61F9-4660-8828-E7DA1850AE79}.Debug|Any CPU.ActiveCfg = Debug|Any CPU
		{455A6646-61F9-4660-8828-E7DA1850AE79}.Debug|Any CPU.Build.0 = Debug|Any CPU
		{455A6646-61F9-4660-8828-E7DA1850AE79}.Release|Any CPU.ActiveCfg = Release|Any CPU
		{455A6646-61F9-4660-8828-E7DA1850AE79}.Release|Any CPU.Build.0 = Release|Any CPU
	EndGlobalSection
	GlobalSection(SolutionProperties) = preSolution
		HideSolutionNode = FALSE
	EndGlobalSection
	GlobalSection(ExtensibilityGlobals) = postSolution
		SolutionGuid = {286AB95E-425D-4B68-A056-86CDBAF9C726}
	EndGlobalSection
EndGlobal
