
Microsoft Visual Studio Solution File, Format Version 12.00
# Visual Studio Version 17
VisualStudioVersion = 17.4.33213.308
MinimumVisualStudioVersion = 10.0.40219.1
Project("{FAE04EC0-301F-11D3-BF4B-00C04F79EFBC}") = "5. Harjoitus - koodi ja video", "5. Harjoitus - koodi ja video\5. Harjoitus - koodi ja video.csproj", "{F582F917-0CD4-44FD-A033-CA32E58720FA}"
EndProject
Global
	GlobalSection(SolutionConfigurationPlatforms) = preSolution
		Debug|Any CPU = Debug|Any CPU
		Release|Any CPU = Release|Any CPU
	EndGlobalSection
	GlobalSection(ProjectConfigurationPlatforms) = postSolution
		{F582F917-0CD4-44FD-A033-CA32E58720FA}.Debug|Any CPU.ActiveCfg = Debug|Any CPU
		{F582F917-0CD4-44FD-A033-CA32E58720FA}.Debug|Any CPU.Build.0 = Debug|Any CPU
		{F582F917-0CD4-44FD-A033-CA32E58720FA}.Release|Any CPU.ActiveCfg = Release|Any CPU
		{F582F917-0CD4-44FD-A033-CA32E58720FA}.Release|Any CPU.Build.0 = Release|Any CPU
	EndGlobalSection
	GlobalSection(SolutionProperties) = preSolution
		HideSolutionNode = FALSE
	EndGlobalSection
	GlobalSection(ExtensibilityGlobals) = postSolution
		SolutionGuid = {2137D45A-8E88-401A-9B2B-0621DACAE31D}
	EndGlobalSection
EndGlobal
