
Microsoft Visual Studio Solution File, Format Version 12.00
# Visual Studio Version 17
VisualStudioVersion = 17.4.33213.308
MinimumVisualStudioVersion = 10.0.40219.1
Project("{FAE04EC0-301F-11D3-BF4B-00C04F79EFBC}") = "shop", "shop\shop.csproj", "{CBE72B12-BAFD-4007-8191-31BDC4829E61}"
EndProject
Global
	GlobalSection(SolutionConfigurationPlatforms) = preSolution
		Debug|Any CPU = Debug|Any CPU
		Release|Any CPU = Release|Any CPU
	EndGlobalSection
	GlobalSection(ProjectConfigurationPlatforms) = postSolution
		{CBE72B12-BAFD-4007-8191-31BDC4829E61}.Debug|Any CPU.ActiveCfg = Debug|Any CPU
		{CBE72B12-BAFD-4007-8191-31BDC4829E61}.Debug|Any CPU.Build.0 = Debug|Any CPU
		{CBE72B12-BAFD-4007-8191-31BDC4829E61}.Release|Any CPU.ActiveCfg = Release|Any CPU
		{CBE72B12-BAFD-4007-8191-31BDC4829E61}.Release|Any CPU.Build.0 = Release|Any CPU
	EndGlobalSection
	GlobalSection(SolutionProperties) = preSolution
		HideSolutionNode = FALSE
	EndGlobalSection
	GlobalSection(ExtensibilityGlobals) = postSolution
		SolutionGuid = {BE3927E7-9D46-495D-80BC-6E9C042AFCB2}
	EndGlobalSection
EndGlobal
