
Microsoft Visual Studio Solution File, Format Version 12.00
# Visual Studio Version 17
VisualStudioVersion = 17.4.33213.308
MinimumVisualStudioVersion = 10.0.40219.1
Project("{FAE04EC0-301F-11D3-BF4B-00C04F79EFBC}") = "Tehtävät 11-12", "Tehtävät 11-12\Tehtävät 11-12.csproj", "{28148B52-6572-46E4-93AD-F342B9DC510F}"
EndProject
Global
	GlobalSection(SolutionConfigurationPlatforms) = preSolution
		Debug|Any CPU = Debug|Any CPU
		Release|Any CPU = Release|Any CPU
	EndGlobalSection
	GlobalSection(ProjectConfigurationPlatforms) = postSolution
		{28148B52-6572-46E4-93AD-F342B9DC510F}.Debug|Any CPU.ActiveCfg = Debug|Any CPU
		{28148B52-6572-46E4-93AD-F342B9DC510F}.Debug|Any CPU.Build.0 = Debug|Any CPU
		{28148B52-6572-46E4-93AD-F342B9DC510F}.Release|Any CPU.ActiveCfg = Release|Any CPU
		{28148B52-6572-46E4-93AD-F342B9DC510F}.Release|Any CPU.Build.0 = Release|Any CPU
	EndGlobalSection
	GlobalSection(SolutionProperties) = preSolution
		HideSolutionNode = FALSE
	EndGlobalSection
	GlobalSection(ExtensibilityGlobals) = postSolution
		SolutionGuid = {EE8DFDC8-0AE0-4A59-8DBC-F65C214D6885}
	EndGlobalSection
EndGlobal
