
Microsoft Visual Studio Solution File, Format Version 12.00
# Visual Studio Version 17
VisualStudioVersion = 17.4.33213.308
MinimumVisualStudioVersion = 10.0.40219.1
Project("{FAE04EC0-301F-11D3-BF4B-00C04F79EFBC}") = "teht19", "teht19\teht19.csproj", "{3327208F-CE2E-4BB3-99FD-FB0E5B9DC786}"
EndProject
Global
	GlobalSection(SolutionConfigurationPlatforms) = preSolution
		Debug|Any CPU = Debug|Any CPU
		Release|Any CPU = Release|Any CPU
	EndGlobalSection
	GlobalSection(ProjectConfigurationPlatforms) = postSolution
		{3327208F-CE2E-4BB3-99FD-FB0E5B9DC786}.Debug|Any CPU.ActiveCfg = Debug|Any CPU
		{3327208F-CE2E-4BB3-99FD-FB0E5B9DC786}.Debug|Any CPU.Build.0 = Debug|Any CPU
		{3327208F-CE2E-4BB3-99FD-FB0E5B9DC786}.Release|Any CPU.ActiveCfg = Release|Any CPU
		{3327208F-CE2E-4BB3-99FD-FB0E5B9DC786}.Release|Any CPU.Build.0 = Release|Any CPU
	EndGlobalSection
	GlobalSection(SolutionProperties) = preSolution
		HideSolutionNode = FALSE
	EndGlobalSection
	GlobalSection(ExtensibilityGlobals) = postSolution
		SolutionGuid = {B5D42F11-E0ED-4582-8107-CA6CFFA61EFA}
	EndGlobalSection
EndGlobal
